// !$*UTF8*$!
{
	archiveVersion = 1;
	classes = {
	};
	objectVersion = 56;
	objects = {

/* Begin PBXBuildFile section */
		F85A37FA29F7CE9C0077AC3B /* EventAppODCMpdamApp.swift in Sources */ = {isa = PBXBuildFile; fileRef = F85A37F929F7CE9C0077AC3B /* EventAppODCMpdamApp.swift */; };
		F85A37FE29F7CE9D0077AC3B /* Assets.xcassets in Resources */ = {isa = PBXBuildFile; fileRef = F85A37FD29F7CE9D0077AC3B /* Assets.xcassets */; };
		F85A380129F7CE9D0077AC3B /* Preview Assets.xcassets in Resources */ = {isa = PBXBuildFile; fileRef = F85A380029F7CE9D0077AC3B /* Preview Assets.xcassets */; };
		F85A380629F7CE9D0077AC3B /* EventAppODCMpdam.xcdatamodeld in Sources */ = {isa = PBXBuildFile; fileRef = F85A380429F7CE9D0077AC3B /* EventAppODCMpdam.xcdatamodeld */; };
		F85A381129F7D9750077AC3B /* HomeView.swift in Sources */ = {isa = PBXBuildFile; fileRef = F85A381029F7D9750077AC3B /* HomeView.swift */; };
		F85A381729F7DA060077AC3B /* Consts.swift in Sources */ = {isa = PBXBuildFile; fileRef = F85A381629F7DA060077AC3B /* Consts.swift */; };
		F85A381929F7DA150077AC3B /* Styles.swift in Sources */ = {isa = PBXBuildFile; fileRef = F85A381829F7DA150077AC3B /* Styles.swift */; };
		F85A381B29F7DA2E0077AC3B /* Config.swift in Sources */ = {isa = PBXBuildFile; fileRef = F85A381A29F7DA2E0077AC3B /* Config.swift */; };
		F85A381D29F7DC360077AC3B /* fonts in Resources */ = {isa = PBXBuildFile; fileRef = F85A381C29F7DC360077AC3B /* fonts */; };
		F85A382429F7EB820077AC3B /* Event.swift in Sources */ = {isa = PBXBuildFile; fileRef = F85A382329F7EB820077AC3B /* Event.swift */; };
		F85A382629F7FA800077AC3B /* EventVItemView.swift in Sources */ = {isa = PBXBuildFile; fileRef = F85A382529F7FA800077AC3B /* EventVItemView.swift */; };
		F85A382829F7FACC0077AC3B /* EventDetailView.swift in Sources */ = {isa = PBXBuildFile; fileRef = F85A382729F7FACC0077AC3B /* EventDetailView.swift */; };
		F85A382A29F809EF0077AC3B /* EventHItemView.swift in Sources */ = {isa = PBXBuildFile; fileRef = F85A382929F809EF0077AC3B /* EventHItemView.swift */; };
		F85A382C29F818080077AC3B /* Performer.swift in Sources */ = {isa = PBXBuildFile; fileRef = F85A382B29F818080077AC3B /* Performer.swift */; };
/* End PBXBuildFile section */

/* Begin PBXFileReference section */
		F85A37F629F7CE9C0077AC3B /* EventAppODCMpdam.app */ = {isa = PBXFileReference; explicitFileType = wrapper.application; includeInIndex = 0; path = EventAppODCMpdam.app; sourceTree = BUILT_PRODUCTS_DIR; };
		F85A37F929F7CE9C0077AC3B /* EventAppODCMpdamApp.swift */ = {isa = PBXFileReference; lastKnownFileType = sourcecode.swift; path = EventAppODCMpdamApp.swift; sourceTree = "<group>"; };
		F85A37FD29F7CE9D0077AC3B /* Assets.xcassets */ = {isa = PBXFileReference; lastKnownFileType = folder.assetcatalog; path = Assets.xcassets; sourceTree = "<group>"; };
		F85A380029F7CE9D0077AC3B /* Preview Assets.xcassets */ = {isa = PBXFileReference; lastKnownFileType = folder.assetcatalog; path = "Preview Assets.xcassets"; sourceTree = "<group>"; };
		F85A380529F7CE9D0077AC3B /* EventAppODCMpdam.xcdatamodel */ = {isa = PBXFileReference; lastKnownFileType = wrapper.xcdatamodel; path = EventAppODCMpdam.xcdatamodel; sourceTree = "<group>"; };
		F85A381029F7D9750077AC3B /* HomeView.swift */ = {isa = PBXFileReference; lastKnownFileType = sourcecode.swift; path = HomeView.swift; sourceTree = "<group>"; };
		F85A381629F7DA060077AC3B /* Consts.swift */ = {isa = PBXFileReference; lastKnownFileType = sourcecode.swift; path = Consts.swift; sourceTree = "<group>"; };
		F85A381829F7DA150077AC3B /* Styles.swift */ = {isa = PBXFileReference; lastKnownFileType = sourcecode.swift; path = Styles.swift; sourceTree = "<group>"; };
		F85A381A29F7DA2E0077AC3B /* Config.swift */ = {isa = PBXFileReference; lastKnownFileType = sourcecode.swift; path = Config.swift; sourceTree = "<group>"; };
		F85A381C29F7DC360077AC3B /* fonts */ = {isa = PBXFileReference; lastKnownFileType = folder; name = fonts; path = "../../../../Downloads/drive-download-20230425T082007Z-001/fonts"; sourceTree = "<group>"; };
		F85A381E29F7DC840077AC3B /* Info.plist */ = {isa = PBXFileReference; lastKnownFileType = text.plist; path = Info.plist; sourceTree = "<group>"; };
		F85A382329F7EB820077AC3B /* Event.swift */ = {isa = PBXFileReference; lastKnownFileType = sourcecode.swift; path = Event.swift; sourceTree = "<group>"; };
		F85A382529F7FA800077AC3B /* EventVItemView.swift */ = {isa = PBXFileReference; lastKnownFileType = sourcecode.swift; path = EventVItemView.swift; sourceTree = "<group>"; };
		F85A382729F7FACC0077AC3B /* EventDetailView.swift */ = {isa = PBXFileReference; lastKnownFileType = sourcecode.swift; path = EventDetailView.swift; sourceTree = "<group>"; };
		F85A382929F809EF0077AC3B /* EventHItemView.swift */ = {isa = PBXFileReference; lastKnownFileType = sourcecode.swift; path = EventHItemView.swift; sourceTree = "<group>"; };
		F85A382B29F818080077AC3B /* Performer.swift */ = {isa = PBXFileReference; lastKnownFileType = sourcecode.swift; path = Performer.swift; sourceTree = "<group>"; };
/* End PBXFileReference section */

/* Begin PBXFrameworksBuildPhase section */
		F85A37F329F7CE9C0077AC3B /* Frameworks */ = {
			isa = PBXFrameworksBuildPhase;
			buildActionMask = 2147483647;
			files = (
			);
			runOnlyForDeploymentPostprocessing = 0;
		};
/* End PBXFrameworksBuildPhase section */

/* Begin PBXGroup section */
		F85A37ED29F7CE9C0077AC3B = {
			isa = PBXGroup;
			children = (
				F85A37F829F7CE9C0077AC3B /* EventAppODCMpdam */,
				F85A37F729F7CE9C0077AC3B /* Products */,
			);
			sourceTree = "<group>";
		};
		F85A37F729F7CE9C0077AC3B /* Products */ = {
			isa = PBXGroup;
			children = (
				F85A37F629F7CE9C0077AC3B /* EventAppODCMpdam.app */,
			);
			name = Products;
			sourceTree = "<group>";
		};
		F85A37F829F7CE9C0077AC3B /* EventAppODCMpdam */ = {
			isa = PBXGroup;
			children = (
				F85A381E29F7DC840077AC3B /* Info.plist */,
				F85A381C29F7DC360077AC3B /* fonts */,
				F85A381529F7D9CC0077AC3B /* Utils */,
				F85A380F29F7D5E20077AC3B /* ViewModels */,
				F85A380E29F7D5D20077AC3B /* Models */,
				F85A380D29F7D5C80077AC3B /* View */,
				F85A380C29F7D5B70077AC3B /* Data */,
				F85A37F929F7CE9C0077AC3B /* EventAppODCMpdamApp.swift */,
				F85A37FD29F7CE9D0077AC3B /* Assets.xcassets */,
				F85A380429F7CE9D0077AC3B /* EventAppODCMpdam.xcdatamodeld */,
				F85A37FF29F7CE9D0077AC3B /* Preview Content */,
			);
			path = EventAppODCMpdam;
			sourceTree = "<group>";
		};
		F85A37FF29F7CE9D0077AC3B /* Preview Content */ = {
			isa = PBXGroup;
			children = (
				F85A380029F7CE9D0077AC3B /* Preview Assets.xcassets */,
			);
			path = "Preview Content";
			sourceTree = "<group>";
		};
		F85A380C29F7D5B70077AC3B /* Data */ = {
			isa = PBXGroup;
			children = (
			);
			path = Data;
			sourceTree = "<group>";
		};
		F85A380D29F7D5C80077AC3B /* View */ = {
			isa = PBXGroup;
			children = (
				F85A381429F7D9B50077AC3B /* Widgets */,
				F85A381029F7D9750077AC3B /* HomeView.swift */,
				F85A382729F7FACC0077AC3B /* EventDetailView.swift */,
			);
			path = View;
			sourceTree = "<group>";
		};
		F85A380E29F7D5D20077AC3B /* Models */ = {
			isa = PBXGroup;
			children = (
				F85A382329F7EB820077AC3B /* Event.swift */,
				F85A382B29F818080077AC3B /* Performer.swift */,
			);
			path = Models;
			sourceTree = "<group>";
		};
		F85A380F29F7D5E20077AC3B /* ViewModels */ = {
			isa = PBXGroup;
			children = (
			);
			path = ViewModels;
			sourceTree = "<group>";
		};
		F85A381429F7D9B50077AC3B /* Widgets */ = {
			isa = PBXGroup;
			children = (
				F85A382529F7FA800077AC3B /* EventVItemView.swift */,
				F85A382929F809EF0077AC3B /* EventHItemView.swift */,
			);
			path = Widgets;
			sourceTree = "<group>";
		};
		F85A381529F7D9CC0077AC3B /* Utils */ = {
			isa = PBXGroup;
			children = (
				F85A381629F7DA060077AC3B /* Consts.swift */,
				F85A381829F7DA150077AC3B /* Styles.swift */,
				F85A381A29F7DA2E0077AC3B /* Config.swift */,
			);
			path = Utils;
			sourceTree = "<group>";
		};
/* End PBXGroup section */

/* Begin PBXNativeTarget section */
		F85A37F529F7CE9C0077AC3B /* EventAppODCMpdam */ = {
			isa = PBXNativeTarget;
			buildConfigurationList = F85A380929F7CE9D0077AC3B /* Build configuration list for PBXNativeTarget "EventAppODCMpdam" */;
			buildPhases = (
				F85A37F229F7CE9C0077AC3B /* Sources */,
				F85A37F329F7CE9C0077AC3B /* Frameworks */,
				F85A37F429F7CE9C0077AC3B /* Resources */,
			);
			buildRules = (
			);
			dependencies = (
			);
			name = EventAppODCMpdam;
			productName = EventAppODCMpdam;
			productReference = F85A37F629F7CE9C0077AC3B /* EventAppODCMpdam.app */;
			productType = "com.apple.product-type.application";
		};
/* End PBXNativeTarget section */

/* Begin PBXProject section */
		F85A37EE29F7CE9C0077AC3B /* Project object */ = {
			isa = PBXProject;
			attributes = {
				BuildIndependentTargetsInParallel = 1;
				LastSwiftUpdateCheck = 1430;
				LastUpgradeCheck = 1430;
				TargetAttributes = {
					F85A37F529F7CE9C0077AC3B = {
						CreatedOnToolsVersion = 14.3;
					};
				};
			};
			buildConfigurationList = F85A37F129F7CE9C0077AC3B /* Build configuration list for PBXProject "EventAppODCMpdam" */;
			compatibilityVersion = "Xcode 14.0";
			developmentRegion = en;
			hasScannedForEncodings = 0;
			knownRegions = (
				en,
				Base,
			);
			mainGroup = F85A37ED29F7CE9C0077AC3B;
			productRefGroup = F85A37F729F7CE9C0077AC3B /* Products */;
			projectDirPath = "";
			projectRoot = "";
			targets = (
				F85A37F529F7CE9C0077AC3B /* EventAppODCMpdam */,
			);
		};
/* End PBXProject section */

/* Begin PBXResourcesBuildPhase section */
		F85A37F429F7CE9C0077AC3B /* Resources */ = {
			isa = PBXResourcesBuildPhase;
			buildActionMask = 2147483647;
			files = (
				F85A381D29F7DC360077AC3B /* fonts in Resources */,
				F85A380129F7CE9D0077AC3B /* Preview Assets.xcassets in Resources */,
				F85A37FE29F7CE9D0077AC3B /* Assets.xcassets in Resources */,
			);
			runOnlyForDeploymentPostprocessing = 0;
		};
/* End PBXResourcesBuildPhase section */

/* Begin PBXSourcesBuildPhase section */
		F85A37F229F7CE9C0077AC3B /* Sources */ = {
			isa = PBXSourcesBuildPhase;
			buildActionMask = 2147483647;
			files = (
				F85A380629F7CE9D0077AC3B /* EventAppODCMpdam.xcdatamodeld in Sources */,
				F85A381929F7DA150077AC3B /* Styles.swift in Sources */,
				F85A381129F7D9750077AC3B /* HomeView.swift in Sources */,
				F85A382A29F809EF0077AC3B /* EventHItemView.swift in Sources */,
				F85A382429F7EB820077AC3B /* Event.swift in Sources */,
				F85A382629F7FA800077AC3B /* EventVItemView.swift in Sources */,
				F85A382829F7FACC0077AC3B /* EventDetailView.swift in Sources */,
				F85A382C29F818080077AC3B /* Performer.swift in Sources */,
				F85A381B29F7DA2E0077AC3B /* Config.swift in Sources */,
				F85A37FA29F7CE9C0077AC3B /* EventAppODCMpdamApp.swift in Sources */,
				F85A381729F7DA060077AC3B /* Consts.swift in Sources */,
			);
			runOnlyForDeploymentPostprocessing = 0;
		};
/* End PBXSourcesBuildPhase section */

/* Begin XCBuildConfiguration section */
		F85A380729F7CE9D0077AC3B /* Debug */ = {
			isa = XCBuildConfiguration;
			buildSettings = {
				ALWAYS_SEARCH_USER_PATHS = NO;
				CLANG_ANALYZER_NONNULL = YES;
				CLANG_ANALYZER_NUMBER_OBJECT_CONVERSION = YES_AGGRESSIVE;
				CLANG_CXX_LANGUAGE_STANDARD = "gnu++20";
				CLANG_ENABLE_MODULES = YES;
				CLANG_ENABLE_OBJC_ARC = YES;
				CLANG_ENABLE_OBJC_WEAK = YES;
				CLANG_WARN_BLOCK_CAPTURE_AUTORELEASING = YES;
				CLANG_WARN_BOOL_CONVERSION = YES;
				CLANG_WARN_COMMA = YES;
				CLANG_WARN_CONSTANT_CONVERSION = YES;
				CLANG_WARN_DEPRECATED_OBJC_IMPLEMENTATIONS = YES;
				CLANG_WARN_DIRECT_OBJC_ISA_USAGE = YES_ERROR;
				CLANG_WARN_DOCUMENTATION_COMMENTS = YES;
				CLANG_WARN_EMPTY_BODY = YES;
				CLANG_WARN_ENUM_CONVERSION = YES;
				CLANG_WARN_INFINITE_RECURSION = YES;
				CLANG_WARN_INT_CONVERSION = YES;
				CLANG_WARN_NON_LITERAL_NULL_CONVERSION = YES;
				CLANG_WARN_OBJC_IMPLICIT_RETAIN_SELF = YES;
				CLANG_WARN_OBJC_LITERAL_CONVERSION = YES;
				CLANG_WARN_OBJC_ROOT_CLASS = YES_ERROR;
				CLANG_WARN_QUOTED_INCLUDE_IN_FRAMEWORK_HEADER = YES;
				CLANG_WARN_RANGE_LOOP_ANALYSIS = YES;
				CLANG_WARN_STRICT_PROTOTYPES = YES;
				CLANG_WARN_SUSPICIOUS_MOVE = YES;
				CLANG_WARN_UNGUARDED_AVAILABILITY = YES_AGGRESSIVE;
				CLANG_WARN_UNREACHABLE_CODE = YES;
				CLANG_WARN__DUPLICATE_METHOD_MATCH = YES;
				COPY_PHASE_STRIP = NO;
				DEBUG_INFORMATION_FORMAT = dwarf;
				ENABLE_STRICT_OBJC_MSGSEND = YES;
				ENABLE_TESTABILITY = YES;
				GCC_C_LANGUAGE_STANDARD = gnu11;
				GCC_DYNAMIC_NO_PIC = NO;
				GCC_NO_COMMON_BLOCKS = YES;
				GCC_OPTIMIZATION_LEVEL = 0;
				GCC_PREPROCESSOR_DEFINITIONS = (
					"DEBUG=1",
					"$(inherited)",
				);
				GCC_WARN_64_TO_32_BIT_CONVERSION = YES;
				GCC_WARN_ABOUT_RETURN_TYPE = YES_ERROR;
				GCC_WARN_UNDECLARED_SELECTOR = YES;
				GCC_WARN_UNINITIALIZED_AUTOS = YES_AGGRESSIVE;
				GCC_WARN_UNUSED_FUNCTION = YES;
				GCC_WARN_UNUSED_VARIABLE = YES;
				IPHONEOS_DEPLOYMENT_TARGET = 16.4;
				MTL_ENABLE_DEBUG_INFO = INCLUDE_SOURCE;
				MTL_FAST_MATH = YES;
				ONLY_ACTIVE_ARCH = YES;
				SDKROOT = iphoneos;
				SWIFT_ACTIVE_COMPILATION_CONDITIONS = DEBUG;
				SWIFT_OPTIMIZATION_LEVEL = "-Onone";
			};
			name = Debug;
		};
		F85A380829F7CE9D0077AC3B /* Release */ = {
			isa = XCBuildConfiguration;
			buildSettings = {
				ALWAYS_SEARCH_USER_PATHS = NO;
				CLANG_ANALYZER_NONNULL = YES;
				CLANG_ANALYZER_NUMBER_OBJECT_CONVERSION = YES_AGGRESSIVE;
				CLANG_CXX_LANGUAGE_STANDARD = "gnu++20";
				CLANG_ENABLE_MODULES = YES;
				CLANG_ENABLE_OBJC_ARC = YES;
				CLANG_ENABLE_OBJC_WEAK = YES;
				CLANG_WARN_BLOCK_CAPTURE_AUTORELEASING = YES;
				CLANG_WARN_BOOL_CONVERSION = YES;
				CLANG_WARN_COMMA = YES;
				CLANG_WARN_CONSTANT_CONVERSION = YES;
				CLANG_WARN_DEPRECATED_OBJC_IMPLEMENTATIONS = YES;
				CLANG_WARN_DIRECT_OBJC_ISA_USAGE = YES_ERROR;
				CLANG_WARN_DOCUMENTATION_COMMENTS = YES;
				CLANG_WARN_EMPTY_BODY = YES;
				CLANG_WARN_ENUM_CONVERSION = YES;
				CLANG_WARN_INFINITE_RECURSION = YES;
				CLANG_WARN_INT_CONVERSION = YES;
				CLANG_WARN_NON_LITERAL_NULL_CONVERSION = YES;
				CLANG_WARN_OBJC_IMPLICIT_RETAIN_SELF = YES;
				CLANG_WARN_OBJC_LITERAL_CONVERSION = YES;
				CLANG_WARN_OBJC_ROOT_CLASS = YES_ERROR;
				CLANG_WARN_QUOTED_INCLUDE_IN_FRAMEWORK_HEADER = YES;
				CLANG_WARN_RANGE_LOOP_ANALYSIS = YES;
				CLANG_WARN_STRICT_PROTOTYPES = YES;
				CLANG_WARN_SUSPICIOUS_MOVE = YES;
				CLANG_WARN_UNGUARDED_AVAILABILITY = YES_AGGRESSIVE;
				CLANG_WARN_UNREACHABLE_CODE = YES;
				CLANG_WARN__DUPLICATE_METHOD_MATCH = YES;
				COPY_PHASE_STRIP = NO;
				DEBUG_INFORMATION_FORMAT = "dwarf-with-dsym";
				ENABLE_NS_ASSERTIONS = NO;
				ENABLE_STRICT_OBJC_MSGSEND = YES;
				GCC_C_LANGUAGE_STANDARD = gnu11;
				GCC_NO_COMMON_BLOCKS = YES;
				GCC_WARN_64_TO_32_BIT_CONVERSION = YES;
				GCC_WARN_ABOUT_RETURN_TYPE = YES_ERROR;
				GCC_WARN_UNDECLARED_SELECTOR = YES;
				GCC_WARN_UNINITIALIZED_AUTOS = YES_AGGRESSIVE;
				GCC_WARN_UNUSED_FUNCTION = YES;
				GCC_WARN_UNUSED_VARIABLE = YES;
				IPHONEOS_DEPLOYMENT_TARGET = 16.4;
				MTL_ENABLE_DEBUG_INFO = NO;
				MTL_FAST_MATH = YES;
				SDKROOT = iphoneos;
				SWIFT_COMPILATION_MODE = wholemodule;
				SWIFT_OPTIMIZATION_LEVEL = "-O";
				VALIDATE_PRODUCT = YES;
			};
			name = Release;
		};
		F85A380A29F7CE9D0077AC3B /* Debug */ = {
			isa = XCBuildConfiguration;
			buildSettings = {
				ASSETCATALOG_COMPILER_APPICON_NAME = AppIcon;
				ASSETCATALOG_COMPILER_GLOBAL_ACCENT_COLOR_NAME = AccentColor;
				CODE_SIGN_STYLE = Automatic;
				CURRENT_PROJECT_VERSION = 1;
				DEVELOPMENT_ASSET_PATHS = "\"EventAppODCMpdam/Preview Content\"";
				DEVELOPMENT_TEAM = L5T7DN6249;
				ENABLE_PREVIEWS = YES;
				GENERATE_INFOPLIST_FILE = YES;
				INFOPLIST_FILE = EventAppODCMpdam/Info.plist;
				INFOPLIST_KEY_UIApplicationSceneManifest_Generation = YES;
				INFOPLIST_KEY_UIApplicationSupportsIndirectInputEvents = YES;
				INFOPLIST_KEY_UILaunchScreen_Generation = YES;
				INFOPLIST_KEY_UISupportedInterfaceOrientations_iPad = "UIInterfaceOrientationPortrait UIInterfaceOrientationPortraitUpsideDown UIInterfaceOrientationLandscapeLeft UIInterfaceOrientationLandscapeRight";
				INFOPLIST_KEY_UISupportedInterfaceOrientations_iPhone = "UIInterfaceOrientationPortrait UIInterfaceOrientationLandscapeLeft UIInterfaceOrientationLandscapeRight";
				LD_RUNPATH_SEARCH_PATHS = (
					"$(inherited)",
					"@executable_path/Frameworks",
				);
				MARKETING_VERSION = 1.0;
				PRODUCT_BUNDLE_IDENTIFIER = com.orange.EventAppODCMpdam;
				PRODUCT_NAME = "$(TARGET_NAME)";
				SWIFT_EMIT_LOC_STRINGS = YES;
				SWIFT_VERSION = 5.0;
				TARGETED_DEVICE_FAMILY = "1,2";
			};
			name = Debug;
		};
		F85A380B29F7CE9D0077AC3B /* Release */ = {
			isa = XCBuildConfiguration;
			buildSettings = {
				ASSETCATALOG_COMPILER_APPICON_NAME = AppIcon;
				ASSETCATALOG_COMPILER_GLOBAL_ACCENT_COLOR_NAME = AccentColor;
				CODE_SIGN_STYLE = Automatic;
				CURRENT_PROJECT_VERSION = 1;
				DEVELOPMENT_ASSET_PATHS = "\"EventAppODCMpdam/Preview Content\"";
				DEVELOPMENT_TEAM = L5T7DN6249;
				ENABLE_PREVIEWS = YES;
				GENERATE_INFOPLIST_FILE = YES;
				INFOPLIST_FILE = EventAppODCMpdam/Info.plist;
				INFOPLIST_KEY_UIApplicationSceneManifest_Generation = YES;
				INFOPLIST_KEY_UIApplicationSupportsIndirectInputEvents = YES;
				INFOPLIST_KEY_UILaunchScreen_Generation = YES;
				INFOPLIST_KEY_UISupportedInterfaceOrientations_iPad = "UIInterfaceOrientationPortrait UIInterfaceOrientationPortraitUpsideDown UIInterfaceOrientationLandscapeLeft UIInterfaceOrientationLandscapeRight";
				INFOPLIST_KEY_UISupportedInterfaceOrientations_iPhone = "UIInterfaceOrientationPortrait UIInterfaceOrientationLandscapeLeft UIInterfaceOrientationLandscapeRight";
				LD_RUNPATH_SEARCH_PATHS = (
					"$(inherited)",
					"@executable_path/Frameworks",
				);
				MARKETING_VERSION = 1.0;
				PRODUCT_BUNDLE_IDENTIFIER = com.orange.EventAppODCMpdam;
				PRODUCT_NAME = "$(TARGET_NAME)";
				SWIFT_EMIT_LOC_STRINGS = YES;
				SWIFT_VERSION = 5.0;
				TARGETED_DEVICE_FAMILY = "1,2";
			};
			name = Release;
		};
/* End XCBuildConfiguration section */

/* Begin XCConfigurationList section */
		F85A37F129F7CE9C0077AC3B /* Build configuration list for PBXProject "EventAppODCMpdam" */ = {
			isa = XCConfigurationList;
			buildConfigurations = (
				F85A380729F7CE9D0077AC3B /* Debug */,
				F85A380829F7CE9D0077AC3B /* Release */,
			);
			defaultConfigurationIsVisible = 0;
			defaultConfigurationName = Release;
		};
		F85A380929F7CE9D0077AC3B /* Build configuration list for PBXNativeTarget "EventAppODCMpdam" */ = {
			isa = XCConfigurationList;
			buildConfigurations = (
				F85A380A29F7CE9D0077AC3B /* Debug */,
				F85A380B29F7CE9D0077AC3B /* Release */,
			);
			defaultConfigurationIsVisible = 0;
			defaultConfigurationName = Release;
		};
/* End XCConfigurationList section */

/* Begin XCVersionGroup section */
		F85A380429F7CE9D0077AC3B /* EventAppODCMpdam.xcdatamodeld */ = {
			isa = XCVersionGroup;
			children = (
				F85A380529F7CE9D0077AC3B /* EventAppODCMpdam.xcdatamodel */,
			);
			currentVersion = F85A380529F7CE9D0077AC3B /* EventAppODCMpdam.xcdatamodel */;
			path = EventAppODCMpdam.xcdatamodeld;
			sourceTree = "<group>";
			versionGroupType = wrapper.xcdatamodel;
		};
/* End XCVersionGroup section */
	};
	rootObject = F85A37EE29F7CE9C0077AC3B /* Project object */;
}
